// !$*UTF8*$!
{
	archiveVersion = 1;
	classes = {
	};
	objectVersion = 56;
	objects = {

/* Begin PBXBuildFile section */
		D136E5402A20803000125478 /* View.swift in Sources */ = {isa = PBXBuildFile; fileRef = D136E53F2A20803000125478 /* View.swift */; };
		D139286A2A1DDE0F008652C7 /* Info.swift in Sources */ = {isa = PBXBuildFile; fileRef = D13928692A1DDE0F008652C7 /* Info.swift */; };
		D13928742A1DF291008652C7 /* UIView+Extension.swift in Sources */ = {isa = PBXBuildFile; fileRef = D13928732A1DF291008652C7 /* UIView+Extension.swift */; };
		D13928782A1DF436008652C7 /* ViewPosition.swift in Sources */ = {isa = PBXBuildFile; fileRef = D13928772A1DF436008652C7 /* ViewPosition.swift */; };
		D13928872A1E1311008652C7 /* AnimationProperty.swift in Sources */ = {isa = PBXBuildFile; fileRef = D13928862A1E1311008652C7 /* AnimationProperty.swift */; };
		D13F341E2A1EFBEF007637AA /* BackgroundTouchConfiguration.swift in Sources */ = {isa = PBXBuildFile; fileRef = D13F341D2A1EFBEF007637AA /* BackgroundTouchConfiguration.swift */; };
		D19B941D2A1B3D5200FC46DD /* Popup.h in Headers */ = {isa = PBXBuildFile; fileRef = D19B941C2A1B3D5200FC46DD /* Popup.h */; settings = {ATTRIBUTES = (Public, ); }; };
		D19B942C2A1B402B00FC46DD /* Popup.swift in Sources */ = {isa = PBXBuildFile; fileRef = D19B942B2A1B402B00FC46DD /* Popup.swift */; };
		D1BE9B812BA16BD8009B6B12 /* PopupConstant.swift in Sources */ = {isa = PBXBuildFile; fileRef = D1BE9B802BA16BD8009B6B12 /* PopupConstant.swift */; };
		D1D1FA3E2BA020A500976B18 /* UIView+Popup.swift in Sources */ = {isa = PBXBuildFile; fileRef = D1D1FA3D2BA020A500976B18 /* UIView+Popup.swift */; };
		FA7FD2831C69C4757AFBDA86 /* libPods-Popup.a in Frameworks */ = {isa = PBXBuildFile; fileRef = 13F1D2DE92D1EBDE84301F88 /* libPods-Popup.a */; };
/* End PBXBuildFile section */

/* Begin PBXFileReference section */
		13F1D2DE92D1EBDE84301F88 /* libPods-Popup.a */ = {isa = PBXFileReference; explicitFileType = archive.ar; includeInIndex = 0; path = "libPods-Popup.a"; sourceTree = BUILT_PRODUCTS_DIR; };
		89E13FB574CDBC876474FF5A /* Pods-Popup.release.xcconfig */ = {isa = PBXFileReference; includeInIndex = 1; lastKnownFileType = text.xcconfig; name = "Pods-Popup.release.xcconfig"; path = "Target Support Files/Pods-Popup/Pods-Popup.release.xcconfig"; sourceTree = "<group>"; };
		B3B610359EA89E13F8EABF1B /* Pods-Popup.debug.xcconfig */ = {isa = PBXFileReference; includeInIndex = 1; lastKnownFileType = text.xcconfig; name = "Pods-Popup.debug.xcconfig"; path = "Target Support Files/Pods-Popup/Pods-Popup.debug.xcconfig"; sourceTree = "<group>"; };
		D136E53F2A20803000125478 /* View.swift */ = {isa = PBXFileReference; lastKnownFileType = sourcecode.swift; path = View.swift; sourceTree = "<group>"; };
		D13928692A1DDE0F008652C7 /* Info.swift */ = {isa = PBXFileReference; lastKnownFileType = sourcecode.swift; path = Info.swift; sourceTree = "<group>"; };
		D13928732A1DF291008652C7 /* UIView+Extension.swift */ = {isa = PBXFileReference; lastKnownFileType = sourcecode.swift; path = "UIView+Extension.swift"; sourceTree = "<group>"; };
		D13928772A1DF436008652C7 /* ViewPosition.swift */ = {isa = PBXFileReference; lastKnownFileType = sourcecode.swift; path = ViewPosition.swift; sourceTree = "<group>"; };
		D13928862A1E1311008652C7 /* AnimationProperty.swift */ = {isa = PBXFileReference; lastKnownFileType = sourcecode.swift; path = AnimationProperty.swift; sourceTree = "<group>"; };
		D13F341D2A1EFBEF007637AA /* BackgroundTouchConfiguration.swift */ = {isa = PBXFileReference; lastKnownFileType = sourcecode.swift; path = BackgroundTouchConfiguration.swift; sourceTree = "<group>"; };
		D19B94192A1B3D5200FC46DD /* Popup.framework */ = {isa = PBXFileReference; explicitFileType = wrapper.framework; includeInIndex = 0; path = Popup.framework; sourceTree = BUILT_PRODUCTS_DIR; };
		D19B941C2A1B3D5200FC46DD /* Popup.h */ = {isa = PBXFileReference; lastKnownFileType = sourcecode.c.h; path = Popup.h; sourceTree = "<group>"; };
		D19B942B2A1B402B00FC46DD /* Popup.swift */ = {isa = PBXFileReference; fileEncoding = 4; lastKnownFileType = sourcecode.swift; path = Popup.swift; sourceTree = "<group>"; };
		D1BE9B802BA16BD8009B6B12 /* PopupConstant.swift */ = {isa = PBXFileReference; lastKnownFileType = sourcecode.swift; path = PopupConstant.swift; sourceTree = "<group>"; };
		D1D1FA3D2BA020A500976B18 /* UIView+Popup.swift */ = {isa = PBXFileReference; lastKnownFileType = sourcecode.swift; path = "UIView+Popup.swift"; sourceTree = "<group>"; };
/* End PBXFileReference section */

/* Begin PBXFrameworksBuildPhase section */
		D19B94162A1B3D5200FC46DD /* Frameworks */ = {
			isa = PBXFrameworksBuildPhase;
			buildActionMask = 2147483647;
			files = (
				FA7FD2831C69C4757AFBDA86 /* libPods-Popup.a in Frameworks */,
			);
			runOnlyForDeploymentPostprocessing = 0;
		};
/* End PBXFrameworksBuildPhase section */

/* Begin PBXGroup section */
		68C87B6315245C6C89CB4C58 /* Pods */ = {
			isa = PBXGroup;
			children = (
				B3B610359EA89E13F8EABF1B /* Pods-Popup.debug.xcconfig */,
				89E13FB574CDBC876474FF5A /* Pods-Popup.release.xcconfig */,
			);
			name = Pods;
			path = "../iOS Example/Pods";
			sourceTree = "<group>";
		};
		86A0BA23ECE98443E58B73BA /* Frameworks */ = {
			isa = PBXGroup;
			children = (
				13F1D2DE92D1EBDE84301F88 /* libPods-Popup.a */,
			);
			name = Frameworks;
			sourceTree = "<group>";
		};
		D19B940F2A1B3D5200FC46DD = {
			isa = PBXGroup;
			children = (
				D19B941B2A1B3D5200FC46DD /* Popup */,
				D19B941A2A1B3D5200FC46DD /* Products */,
				68C87B6315245C6C89CB4C58 /* Pods */,
				86A0BA23ECE98443E58B73BA /* Frameworks */,
			);
			sourceTree = "<group>";
		};
		D19B941A2A1B3D5200FC46DD /* Products */ = {
			isa = PBXGroup;
			children = (
				D19B94192A1B3D5200FC46DD /* Popup.framework */,
			);
			name = Products;
			sourceTree = "<group>";
		};
		D19B941B2A1B3D5200FC46DD /* Popup */ = {
			isa = PBXGroup;
			children = (
				D19B942A2A1B402B00FC46DD /* Sources */,
				D19B941C2A1B3D5200FC46DD /* Popup.h */,
			);
			path = Popup;
			sourceTree = "<group>";
		};
		D19B942A2A1B402B00FC46DD /* Sources */ = {
			isa = PBXGroup;
			children = (
				D19B942B2A1B402B00FC46DD /* Popup.swift */,
				D1BE9B802BA16BD8009B6B12 /* PopupConstant.swift */,
				D1D1FA3D2BA020A500976B18 /* UIView+Popup.swift */,
				D13928732A1DF291008652C7 /* UIView+Extension.swift */,
				D13928692A1DDE0F008652C7 /* Info.swift */,
				D13928862A1E1311008652C7 /* AnimationProperty.swift */,
				D13928772A1DF436008652C7 /* ViewPosition.swift */,
				D13F341D2A1EFBEF007637AA /* BackgroundTouchConfiguration.swift */,
				D136E53F2A20803000125478 /* View.swift */,
			);
			path = Sources;
			sourceTree = SOURCE_ROOT;
		};
/* End PBXGroup section */

/* Begin PBXHeadersBuildPhase section */
		D19B94142A1B3D5200FC46DD /* Headers */ = {
			isa = PBXHeadersBuildPhase;
			buildActionMask = 2147483647;
			files = (
				D19B941D2A1B3D5200FC46DD /* Popup.h in Headers */,
			);
			runOnlyForDeploymentPostprocessing = 0;
		};
/* End PBXHeadersBuildPhase section */

/* Begin PBXNativeTarget section */
		D19B94182A1B3D5200FC46DD /* Popup */ = {
			isa = PBXNativeTarget;
			buildConfigurationList = D19B94202A1B3D5200FC46DD /* Build configuration list for PBXNativeTarget "Popup" */;
			buildPhases = (
				3C7AE683FCEF101751B6EB9B /* [CP] Check Pods Manifest.lock */,
				D19B94142A1B3D5200FC46DD /* Headers */,
				D19B94152A1B3D5200FC46DD /* Sources */,
				D19B94162A1B3D5200FC46DD /* Frameworks */,
				D19B94172A1B3D5200FC46DD /* Resources */,
			);
			buildRules = (
			);
			dependencies = (
			);
			name = Popup;
			productName = Popup;
			productReference = D19B94192A1B3D5200FC46DD /* Popup.framework */;
			productType = "com.apple.product-type.framework";
		};
/* End PBXNativeTarget section */

/* Begin PBXProject section */
		D19B94102A1B3D5200FC46DD /* Project object */ = {
			isa = PBXProject;
			attributes = {
				BuildIndependentTargetsInParallel = 1;
				LastUpgradeCheck = 1410;
				TargetAttributes = {
					D19B94182A1B3D5200FC46DD = {
						CreatedOnToolsVersion = 14.1;
						LastSwiftMigration = 1410;
					};
				};
			};
			buildConfigurationList = D19B94132A1B3D5200FC46DD /* Build configuration list for PBXProject "Popup" */;
			compatibilityVersion = "Xcode 14.0";
			developmentRegion = en;
			hasScannedForEncodings = 0;
			knownRegions = (
				en,
				Base,
			);
			mainGroup = D19B940F2A1B3D5200FC46DD;
			productRefGroup = D19B941A2A1B3D5200FC46DD /* Products */;
			projectDirPath = "";
			projectRoot = "";
			targets = (
				D19B94182A1B3D5200FC46DD /* Popup */,
			);
		};
/* End PBXProject section */

/* Begin PBXResourcesBuildPhase section */
		D19B94172A1B3D5200FC46DD /* Resources */ = {
			isa = PBXResourcesBuildPhase;
			buildActionMask = 2147483647;
			files = (
			);
			runOnlyForDeploymentPostprocessing = 0;
		};
/* End PBXResourcesBuildPhase section */

/* Begin PBXShellScriptBuildPhase section */
		3C7AE683FCEF101751B6EB9B /* [CP] Check Pods Manifest.lock */ = {
			isa = PBXShellScriptBuildPhase;
			buildActionMask = 2147483647;
			files = (
			);
			inputFileListPaths = (
			);
			inputPaths = (
				"${PODS_PODFILE_DIR_PATH}/Podfile.lock",
				"${PODS_ROOT}/Manifest.lock",
			);
			name = "[CP] Check Pods Manifest.lock";
			outputFileListPaths = (
			);
			outputPaths = (
				"$(DERIVED_FILE_DIR)/Pods-Popup-checkManifestLockResult.txt",
			);
			runOnlyForDeploymentPostprocessing = 0;
			shellPath = /bin/sh;
			shellScript = "diff \"${PODS_PODFILE_DIR_PATH}/Podfile.lock\" \"${PODS_ROOT}/Manifest.lock\" > /dev/null\nif [ $? != 0 ] ; then\n    # print error to STDERR\n    echo \"error: The sandbox is not in sync with the Podfile.lock. Run 'pod install' or update your CocoaPods installation.\" >&2\n    exit 1\nfi\n# This output is used by Xcode 'outputs' to avoid re-running this script phase.\necho \"SUCCESS\" > \"${SCRIPT_OUTPUT_FILE_0}\"\n";
			showEnvVarsInLog = 0;
		};
/* End PBXShellScriptBuildPhase section */

/* Begin PBXSourcesBuildPhase section */
		D19B94152A1B3D5200FC46DD /* Sources */ = {
			isa = PBXSourcesBuildPhase;
			buildActionMask = 2147483647;
			files = (
				D13F341E2A1EFBEF007637AA /* BackgroundTouchConfiguration.swift in Sources */,
				D13928872A1E1311008652C7 /* AnimationProperty.swift in Sources */,
				D136E5402A20803000125478 /* View.swift in Sources */,
				D13928742A1DF291008652C7 /* UIView+Extension.swift in Sources */,
				D139286A2A1DDE0F008652C7 /* Info.swift in Sources */,
				D1D1FA3E2BA020A500976B18 /* UIView+Popup.swift in Sources */,
				D1BE9B812BA16BD8009B6B12 /* PopupConstant.swift in Sources */,
				D19B942C2A1B402B00FC46DD /* Popup.swift in Sources */,
				D13928782A1DF436008652C7 /* ViewPosition.swift in Sources */,
			);
			runOnlyForDeploymentPostprocessing = 0;
		};
/* End PBXSourcesBuildPhase section */

/* Begin XCBuildConfiguration section */
		D19B941E2A1B3D5200FC46DD /* Debug */ = {
			isa = XCBuildConfiguration;
			buildSettings = {
				ALWAYS_SEARCH_USER_PATHS = NO;
				CLANG_ANALYZER_NONNULL = YES;
				CLANG_ANALYZER_NUMBER_OBJECT_CONVERSION = YES_AGGRESSIVE;
				CLANG_CXX_LANGUAGE_STANDARD = "gnu++20";
				CLANG_ENABLE_MODULES = YES;
				CLANG_ENABLE_OBJC_ARC = YES;
				CLANG_ENABLE_OBJC_WEAK = YES;
				CLANG_WARN_BLOCK_CAPTURE_AUTORELEASING = YES;
				CLANG_WARN_BOOL_CONVERSION = YES;
				CLANG_WARN_COMMA = YES;
				CLANG_WARN_CONSTANT_CONVERSION = YES;
				CLANG_WARN_DEPRECATED_OBJC_IMPLEMENTATIONS = YES;
				CLANG_WARN_DIRECT_OBJC_ISA_USAGE = YES_ERROR;
				CLANG_WARN_DOCUMENTATION_COMMENTS = YES;
				CLANG_WARN_EMPTY_BODY = YES;
				CLANG_WARN_ENUM_CONVERSION = YES;
				CLANG_WARN_INFINITE_RECURSION = YES;
				CLANG_WARN_INT_CONVERSION = YES;
				CLANG_WARN_NON_LITERAL_NULL_CONVERSION = YES;
				CLANG_WARN_OBJC_IMPLICIT_RETAIN_SELF = YES;
				CLANG_WARN_OBJC_LITERAL_CONVERSION = YES;
				CLANG_WARN_OBJC_ROOT_CLASS = YES_ERROR;
				CLANG_WARN_QUOTED_INCLUDE_IN_FRAMEWORK_HEADER = YES;
				CLANG_WARN_RANGE_LOOP_ANALYSIS = YES;
				CLANG_WARN_STRICT_PROTOTYPES = YES;
				CLANG_WARN_SUSPICIOUS_MOVE = YES;
				CLANG_WARN_UNGUARDED_AVAILABILITY = YES_AGGRESSIVE;
				CLANG_WARN_UNREACHABLE_CODE = YES;
				CLANG_WARN__DUPLICATE_METHOD_MATCH = YES;
				COPY_PHASE_STRIP = NO;
				CURRENT_PROJECT_VERSION = 1;
				DEBUG_INFORMATION_FORMAT = dwarf;
				ENABLE_STRICT_OBJC_MSGSEND = YES;
				ENABLE_TESTABILITY = YES;
				GCC_C_LANGUAGE_STANDARD = gnu11;
				GCC_DYNAMIC_NO_PIC = NO;
				GCC_NO_COMMON_BLOCKS = YES;
				GCC_OPTIMIZATION_LEVEL = 0;
				GCC_PREPROCESSOR_DEFINITIONS = (
					"DEBUG=1",
					"$(inherited)",
				);
				GCC_WARN_64_TO_32_BIT_CONVERSION = YES;
				GCC_WARN_ABOUT_RETURN_TYPE = YES_ERROR;
				GCC_WARN_UNDECLARED_SELECTOR = YES;
				GCC_WARN_UNINITIALIZED_AUTOS = YES_AGGRESSIVE;
				GCC_WARN_UNUSED_FUNCTION = YES;
				GCC_WARN_UNUSED_VARIABLE = YES;
				IPHONEOS_DEPLOYMENT_TARGET = 16.1;
				MTL_ENABLE_DEBUG_INFO = INCLUDE_SOURCE;
				MTL_FAST_MATH = YES;
				ONLY_ACTIVE_ARCH = YES;
				SDKROOT = iphoneos;
				SWIFT_ACTIVE_COMPILATION_CONDITIONS = DEBUG;
				SWIFT_OPTIMIZATION_LEVEL = "-Onone";
				VERSIONING_SYSTEM = "apple-generic";
				VERSION_INFO_PREFIX = "";
			};
			name = Debug;
		};
		D19B941F2A1B3D5200FC46DD /* Release */ = {
			isa = XCBuildConfiguration;
			buildSettings = {
				ALWAYS_SEARCH_USER_PATHS = NO;
				CLANG_ANALYZER_NONNULL = YES;
				CLANG_ANALYZER_NUMBER_OBJECT_CONVERSION = YES_AGGRESSIVE;
				CLANG_CXX_LANGUAGE_STANDARD = "gnu++20";
				CLANG_ENABLE_MODULES = YES;
				CLANG_ENABLE_OBJC_ARC = YES;
				CLANG_ENABLE_OBJC_WEAK = YES;
				CLANG_WARN_BLOCK_CAPTURE_AUTORELEASING = YES;
				CLANG_WARN_BOOL_CONVERSION = YES;
				CLANG_WARN_COMMA = YES;
				CLANG_WARN_CONSTANT_CONVERSION = YES;
				CLANG_WARN_DEPRECATED_OBJC_IMPLEMENTATIONS = YES;
				CLANG_WARN_DIRECT_OBJC_ISA_USAGE = YES_ERROR;
				CLANG_WARN_DOCUMENTATION_COMMENTS = YES;
				CLANG_WARN_EMPTY_BODY = YES;
				CLANG_WARN_ENUM_CONVERSION = YES;
				CLANG_WARN_INFINITE_RECURSION = YES;
				CLANG_WARN_INT_CONVERSION = YES;
				CLANG_WARN_NON_LITERAL_NULL_CONVERSION = YES;
				CLANG_WARN_OBJC_IMPLICIT_RETAIN_SELF = YES;
				CLANG_WARN_OBJC_LITERAL_CONVERSION = YES;
				CLANG_WARN_OBJC_ROOT_CLASS = YES_ERROR;
				CLANG_WARN_QUOTED_INCLUDE_IN_FRAMEWORK_HEADER = YES;
				CLANG_WARN_RANGE_LOOP_ANALYSIS = YES;
				CLANG_WARN_STRICT_PROTOTYPES = YES;
				CLANG_WARN_SUSPICIOUS_MOVE = YES;
				CLANG_WARN_UNGUARDED_AVAILABILITY = YES_AGGRESSIVE;
				CLANG_WARN_UNREACHABLE_CODE = YES;
				CLANG_WARN__DUPLICATE_METHOD_MATCH = YES;
				COPY_PHASE_STRIP = NO;
				CURRENT_PROJECT_VERSION = 1;
				DEBUG_INFORMATION_FORMAT = "dwarf-with-dsym";
				ENABLE_NS_ASSERTIONS = NO;
				ENABLE_STRICT_OBJC_MSGSEND = YES;
				GCC_C_LANGUAGE_STANDARD = gnu11;
				GCC_NO_COMMON_BLOCKS = YES;
				GCC_WARN_64_TO_32_BIT_CONVERSION = YES;
				GCC_WARN_ABOUT_RETURN_TYPE = YES_ERROR;
				GCC_WARN_UNDECLARED_SELECTOR = YES;
				GCC_WARN_UNINITIALIZED_AUTOS = YES_AGGRESSIVE;
				GCC_WARN_UNUSED_FUNCTION = YES;
				GCC_WARN_UNUSED_VARIABLE = YES;
				IPHONEOS_DEPLOYMENT_TARGET = 16.1;
				MTL_ENABLE_DEBUG_INFO = NO;
				MTL_FAST_MATH = YES;
				SDKROOT = iphoneos;
				SWIFT_COMPILATION_MODE = wholemodule;
				SWIFT_OPTIMIZATION_LEVEL = "-O";
				VALIDATE_PRODUCT = YES;
				VERSIONING_SYSTEM = "apple-generic";
				VERSION_INFO_PREFIX = "";
			};
			name = Release;
		};
		D19B94212A1B3D5200FC46DD /* Debug */ = {
			isa = XCBuildConfiguration;
			baseConfigurationReference = B3B610359EA89E13F8EABF1B /* Pods-Popup.debug.xcconfig */;
			buildSettings = {
				CLANG_ENABLE_MODULES = YES;
				CODE_SIGN_STYLE = Automatic;
				CURRENT_PROJECT_VERSION = 1;
				DEFINES_MODULE = YES;
				DYLIB_COMPATIBILITY_VERSION = 1;
				DYLIB_CURRENT_VERSION = 1;
				DYLIB_INSTALL_NAME_BASE = "@rpath";
				GENERATE_INFOPLIST_FILE = YES;
				INFOPLIST_KEY_NSHumanReadableCopyright = "";
				INSTALL_PATH = "$(LOCAL_LIBRARY_DIR)/Frameworks";
				IPHONEOS_DEPLOYMENT_TARGET = 11.0;
				LD_RUNPATH_SEARCH_PATHS = (
					"$(inherited)",
					"@executable_path/Frameworks",
					"@loader_path/Frameworks",
				);
				MARKETING_VERSION = 1.0;
				PRODUCT_BUNDLE_IDENTIFIER = com.galaxy.Popup;
				PRODUCT_NAME = "$(TARGET_NAME:c99extidentifier)";
				SKIP_INSTALL = YES;
				SWIFT_EMIT_LOC_STRINGS = YES;
				SWIFT_OPTIMIZATION_LEVEL = "-Onone";
				SWIFT_VERSION = 5.0;
				TARGETED_DEVICE_FAMILY = "1,2";
			};
			name = Debug;
		};
		D19B94222A1B3D5200FC46DD /* Release */ = {
			isa = XCBuildConfiguration;
			baseConfigurationReference = 89E13FB574CDBC876474FF5A /* Pods-Popup.release.xcconfig */;
			buildSettings = {
				CLANG_ENABLE_MODULES = YES;
				CODE_SIGN_STYLE = Automatic;
				CURRENT_PROJECT_VERSION = 1;
				DEFINES_MODULE = YES;
				DYLIB_COMPATIBILITY_VERSION = 1;
				DYLIB_CURRENT_VERSION = 1;
				DYLIB_INSTALL_NAME_BASE = "@rpath";
				GENERATE_INFOPLIST_FILE = YES;
				INFOPLIST_KEY_NSHumanReadableCopyright = "";
				INSTALL_PATH = "$(LOCAL_LIBRARY_DIR)/Frameworks";
				IPHONEOS_DEPLOYMENT_TARGET = 11.0;
				LD_RUNPATH_SEARCH_PATHS = (
					"$(inherited)",
					"@executable_path/Frameworks",
					"@loader_path/Frameworks",
				);
				MARKETING_VERSION = 1.0;
				PRODUCT_BUNDLE_IDENTIFIER = com.galaxy.Popup;
				PRODUCT_NAME = "$(TARGET_NAME:c99extidentifier)";
				SKIP_INSTALL = YES;
				SWIFT_EMIT_LOC_STRINGS = YES;
				SWIFT_VERSION = 5.0;
				TARGETED_DEVICE_FAMILY = "1,2";
			};
			name = Release;
		};
/* End XCBuildConfiguration section */

/* Begin XCConfigurationList section */
		D19B94132A1B3D5200FC46DD /* Build configuration list for PBXProject "Popup" */ = {
			isa = XCConfigurationList;
			buildConfigurations = (
				D19B941E2A1B3D5200FC46DD /* Debug */,
				D19B941F2A1B3D5200FC46DD /* Release */,
			);
			defaultConfigurationIsVisible = 0;
			defaultConfigurationName = Release;
		};
		D19B94202A1B3D5200FC46DD /* Build configuration list for PBXNativeTarget "Popup" */ = {
			isa = XCConfigurationList;
			buildConfigurations = (
				D19B94212A1B3D5200FC46DD /* Debug */,
				D19B94222A1B3D5200FC46DD /* Release */,
			);
			defaultConfigurationIsVisible = 0;
			defaultConfigurationName = Release;
		};
/* End XCConfigurationList section */
	};
	rootObject = D19B94102A1B3D5200FC46DD /* Project object */;
}
