// !$*UTF8*$!
{
	archiveVersion = 1;
	classes = {
	};
	objectVersion = 56;
	objects = {

/* Begin PBXBuildFile section */
		25425B2BFAF866CDFCA63DFE /* Pods_iOS_Example.framework in Frameworks */ = {isa = PBXBuildFile; fileRef = FF92079987B9FC88FE7EBA53 /* Pods_iOS_Example.framework */; };
		D139287D2A1E0BEA008652C7 /* ModelAction.swift in Sources */ = {isa = PBXBuildFile; fileRef = D139287C2A1E0BEA008652C7 /* ModelAction.swift */; };
		D139287F2A1E0C1C008652C7 /* Model.swift in Sources */ = {isa = PBXBuildFile; fileRef = D139287E2A1E0C1C008652C7 /* Model.swift */; };
		D13928812A1E0C4F008652C7 /* GeneralAction.swift in Sources */ = {isa = PBXBuildFile; fileRef = D13928802A1E0C4F008652C7 /* GeneralAction.swift */; };
		D13928832A1E0C5E008652C7 /* TextEditAction.swift in Sources */ = {isa = PBXBuildFile; fileRef = D13928822A1E0C5E008652C7 /* TextEditAction.swift */; };
		D19B93C82A1B3C2900FC46DD /* AppDelegate.swift in Sources */ = {isa = PBXBuildFile; fileRef = D19B93C72A1B3C2900FC46DD /* AppDelegate.swift */; };
		D19B93CC2A1B3C2900FC46DD /* ViewController.swift in Sources */ = {isa = PBXBuildFile; fileRef = D19B93CB2A1B3C2900FC46DD /* ViewController.swift */; };
		D19B93CF2A1B3C2900FC46DD /* Main.storyboard in Resources */ = {isa = PBXBuildFile; fileRef = D19B93CD2A1B3C2900FC46DD /* Main.storyboard */; };
		D19B93D12A1B3C2A00FC46DD /* Assets.xcassets in Resources */ = {isa = PBXBuildFile; fileRef = D19B93D02A1B3C2A00FC46DD /* Assets.xcassets */; };
		D19B93D42A1B3C2A00FC46DD /* LaunchScreen.storyboard in Resources */ = {isa = PBXBuildFile; fileRef = D19B93D22A1B3C2A00FC46DD /* LaunchScreen.storyboard */; };
		D19B94242A1B3EFD00FC46DD /* Popup.framework in Frameworks */ = {isa = PBXBuildFile; fileRef = D19B94232A1B3EFD00FC46DD /* Popup.framework */; };
		D19B94252A1B3EFD00FC46DD /* Popup.framework in Embed Frameworks */ = {isa = PBXBuildFile; fileRef = D19B94232A1B3EFD00FC46DD /* Popup.framework */; settings = {ATTRIBUTES = (CodeSignOnCopy, RemoveHeadersOnCopy, ); }; };
/* End PBXBuildFile section */

/* Begin PBXCopyFilesBuildPhase section */
		D19B94262A1B3EFD00FC46DD /* Embed Frameworks */ = {
			isa = PBXCopyFilesBuildPhase;
			buildActionMask = 2147483647;
			dstPath = "";
			dstSubfolderSpec = 10;
			files = (
				D19B94252A1B3EFD00FC46DD /* Popup.framework in Embed Frameworks */,
			);
			name = "Embed Frameworks";
			runOnlyForDeploymentPostprocessing = 0;
		};
/* End PBXCopyFilesBuildPhase section */

/* Begin PBXFileReference section */
		42B9AEE17B3B4C927A1C42C1 /* Pods-iOS Example.release.xcconfig */ = {isa = PBXFileReference; includeInIndex = 1; lastKnownFileType = text.xcconfig; name = "Pods-iOS Example.release.xcconfig"; path = "Target Support Files/Pods-iOS Example/Pods-iOS Example.release.xcconfig"; sourceTree = "<group>"; };
		A5AD060603642AA27F8D8573 /* Pods-iOS Example.debug.xcconfig */ = {isa = PBXFileReference; includeInIndex = 1; lastKnownFileType = text.xcconfig; name = "Pods-iOS Example.debug.xcconfig"; path = "Target Support Files/Pods-iOS Example/Pods-iOS Example.debug.xcconfig"; sourceTree = "<group>"; };
		D139287C2A1E0BEA008652C7 /* ModelAction.swift */ = {isa = PBXFileReference; lastKnownFileType = sourcecode.swift; path = ModelAction.swift; sourceTree = "<group>"; };
		D139287E2A1E0C1C008652C7 /* Model.swift */ = {isa = PBXFileReference; lastKnownFileType = sourcecode.swift; path = Model.swift; sourceTree = "<group>"; };
		D13928802A1E0C4F008652C7 /* GeneralAction.swift */ = {isa = PBXFileReference; lastKnownFileType = sourcecode.swift; path = GeneralAction.swift; sourceTree = "<group>"; };
		D13928822A1E0C5E008652C7 /* TextEditAction.swift */ = {isa = PBXFileReference; lastKnownFileType = sourcecode.swift; path = TextEditAction.swift; sourceTree = "<group>"; };
		D19B93C42A1B3C2900FC46DD /* iOS Example.app */ = {isa = PBXFileReference; explicitFileType = wrapper.application; includeInIndex = 0; path = "iOS Example.app"; sourceTree = BUILT_PRODUCTS_DIR; };
		D19B93C72A1B3C2900FC46DD /* AppDelegate.swift */ = {isa = PBXFileReference; lastKnownFileType = sourcecode.swift; path = AppDelegate.swift; sourceTree = "<group>"; };
		D19B93CB2A1B3C2900FC46DD /* ViewController.swift */ = {isa = PBXFileReference; lastKnownFileType = sourcecode.swift; path = ViewController.swift; sourceTree = "<group>"; };
		D19B93CE2A1B3C2900FC46DD /* Base */ = {isa = PBXFileReference; lastKnownFileType = file.storyboard; name = Base; path = Base.lproj/Main.storyboard; sourceTree = "<group>"; };
		D19B93D02A1B3C2A00FC46DD /* Assets.xcassets */ = {isa = PBXFileReference; lastKnownFileType = folder.assetcatalog; path = Assets.xcassets; sourceTree = "<group>"; };
		D19B93D32A1B3C2A00FC46DD /* Base */ = {isa = PBXFileReference; lastKnownFileType = file.storyboard; name = Base; path = Base.lproj/LaunchScreen.storyboard; sourceTree = "<group>"; };
		D19B93D52A1B3C2A00FC46DD /* Info.plist */ = {isa = PBXFileReference; lastKnownFileType = text.plist.xml; path = Info.plist; sourceTree = "<group>"; };
		D19B94232A1B3EFD00FC46DD /* Popup.framework */ = {isa = PBXFileReference; explicitFileType = wrapper.framework; path = Popup.framework; sourceTree = BUILT_PRODUCTS_DIR; };
		FF92079987B9FC88FE7EBA53 /* Pods_iOS_Example.framework */ = {isa = PBXFileReference; explicitFileType = wrapper.framework; includeInIndex = 0; path = Pods_iOS_Example.framework; sourceTree = BUILT_PRODUCTS_DIR; };
/* End PBXFileReference section */

/* Begin PBXFrameworksBuildPhase section */
		D19B93C12A1B3C2900FC46DD /* Frameworks */ = {
			isa = PBXFrameworksBuildPhase;
			buildActionMask = 2147483647;
			files = (
				25425B2BFAF866CDFCA63DFE /* Pods_iOS_Example.framework in Frameworks */,
				D19B94242A1B3EFD00FC46DD /* Popup.framework in Frameworks */,
			);
			runOnlyForDeploymentPostprocessing = 0;
		};
/* End PBXFrameworksBuildPhase section */

/* Begin PBXGroup section */
		A171106EDF2E2275DC4F06FF /* Pods */ = {
			isa = PBXGroup;
			children = (
				A5AD060603642AA27F8D8573 /* Pods-iOS Example.debug.xcconfig */,
				42B9AEE17B3B4C927A1C42C1 /* Pods-iOS Example.release.xcconfig */,
			);
			path = Pods;
			sourceTree = "<group>";
		};
		BE27889286D990600AFF8535 /* Frameworks */ = {
			isa = PBXGroup;
			children = (
				D19B94232A1B3EFD00FC46DD /* Popup.framework */,
				FF92079987B9FC88FE7EBA53 /* Pods_iOS_Example.framework */,
			);
			name = Frameworks;
			sourceTree = "<group>";
		};
		D13928792A1E09AC008652C7 /* Demo */ = {
			isa = PBXGroup;
			children = (
				D139287C2A1E0BEA008652C7 /* ModelAction.swift */,
				D139287E2A1E0C1C008652C7 /* Model.swift */,
				D13928802A1E0C4F008652C7 /* GeneralAction.swift */,
				D13928822A1E0C5E008652C7 /* TextEditAction.swift */,
			);
			path = Demo;
			sourceTree = "<group>";
		};
		D19B93BB2A1B3C2900FC46DD = {
			isa = PBXGroup;
			children = (
				D19B93C62A1B3C2900FC46DD /* iOS Example */,
				D19B93C52A1B3C2900FC46DD /* Products */,
				A171106EDF2E2275DC4F06FF /* Pods */,
				BE27889286D990600AFF8535 /* Frameworks */,
			);
			sourceTree = "<group>";
		};
		D19B93C52A1B3C2900FC46DD /* Products */ = {
			isa = PBXGroup;
			children = (
				D19B93C42A1B3C2900FC46DD /* iOS Example.app */,
			);
			name = Products;
			sourceTree = "<group>";
		};
		D19B93C62A1B3C2900FC46DD /* iOS Example */ = {
			isa = PBXGroup;
			children = (
				D19B93C72A1B3C2900FC46DD /* AppDelegate.swift */,
				D19B93CB2A1B3C2900FC46DD /* ViewController.swift */,
				D13928792A1E09AC008652C7 /* Demo */,
				D19B93CD2A1B3C2900FC46DD /* Main.storyboard */,
				D19B93D02A1B3C2A00FC46DD /* Assets.xcassets */,
				D19B93D22A1B3C2A00FC46DD /* LaunchScreen.storyboard */,
				D19B93D52A1B3C2A00FC46DD /* Info.plist */,
			);
			path = "iOS Example";
			sourceTree = "<group>";
		};
/* End PBXGroup section */

/* Begin PBXNativeTarget section */
		D19B93C32A1B3C2900FC46DD /* iOS Example */ = {
			isa = PBXNativeTarget;
			buildConfigurationList = D19B93D82A1B3C2A00FC46DD /* Build configuration list for PBXNativeTarget "iOS Example" */;
			buildPhases = (
				207B976181E8C4604EDD1930 /* [CP] Check Pods Manifest.lock */,
				D19B93C02A1B3C2900FC46DD /* Sources */,
				D19B93C12A1B3C2900FC46DD /* Frameworks */,
				D19B93C22A1B3C2900FC46DD /* Resources */,
				31125E811FB099DFB701B55C /* [CP] Embed Pods Frameworks */,
				D19B94262A1B3EFD00FC46DD /* Embed Frameworks */,
			);
			buildRules = (
			);
			dependencies = (
			);
			name = "iOS Example";
			productName = "iOS Example";
			productReference = D19B93C42A1B3C2900FC46DD /* iOS Example.app */;
			productType = "com.apple.product-type.application";
		};
/* End PBXNativeTarget section */

/* Begin PBXProject section */
		D19B93BC2A1B3C2900FC46DD /* Project object */ = {
			isa = PBXProject;
			attributes = {
				BuildIndependentTargetsInParallel = 1;
				LastSwiftUpdateCheck = 1410;
				LastUpgradeCheck = 1410;
				TargetAttributes = {
					D19B93C32A1B3C2900FC46DD = {
						CreatedOnToolsVersion = 14.1;
					};
				};
			};
			buildConfigurationList = D19B93BF2A1B3C2900FC46DD /* Build configuration list for PBXProject "iOS Example" */;
			compatibilityVersion = "Xcode 14.0";
			developmentRegion = en;
			hasScannedForEncodings = 0;
			knownRegions = (
				en,
				Base,
			);
			mainGroup = D19B93BB2A1B3C2900FC46DD;
			productRefGroup = D19B93C52A1B3C2900FC46DD /* Products */;
			projectDirPath = "";
			projectRoot = "";
			targets = (
				D19B93C32A1B3C2900FC46DD /* iOS Example */,
			);
		};
/* End PBXProject section */

/* Begin PBXResourcesBuildPhase section */
		D19B93C22A1B3C2900FC46DD /* Resources */ = {
			isa = PBXResourcesBuildPhase;
			buildActionMask = 2147483647;
			files = (
				D19B93D42A1B3C2A00FC46DD /* LaunchScreen.storyboard in Resources */,
				D19B93D12A1B3C2A00FC46DD /* Assets.xcassets in Resources */,
				D19B93CF2A1B3C2900FC46DD /* Main.storyboard in Resources */,
			);
			runOnlyForDeploymentPostprocessing = 0;
		};
/* End PBXResourcesBuildPhase section */

/* Begin PBXShellScriptBuildPhase section */
		207B976181E8C4604EDD1930 /* [CP] Check Pods Manifest.lock */ = {
			isa = PBXShellScriptBuildPhase;
			buildActionMask = 2147483647;
			files = (
			);
			inputFileListPaths = (
			);
			inputPaths = (
				"${PODS_PODFILE_DIR_PATH}/Podfile.lock",
				"${PODS_ROOT}/Manifest.lock",
			);
			name = "[CP] Check Pods Manifest.lock";
			outputFileListPaths = (
			);
			outputPaths = (
				"$(DERIVED_FILE_DIR)/Pods-iOS Example-checkManifestLockResult.txt",
			);
			runOnlyForDeploymentPostprocessing = 0;
			shellPath = /bin/sh;
			shellScript = "diff \"${PODS_PODFILE_DIR_PATH}/Podfile.lock\" \"${PODS_ROOT}/Manifest.lock\" > /dev/null\nif [ $? != 0 ] ; then\n    # print error to STDERR\n    echo \"error: The sandbox is not in sync with the Podfile.lock. Run 'pod install' or update your CocoaPods installation.\" >&2\n    exit 1\nfi\n# This output is used by Xcode 'outputs' to avoid re-running this script phase.\necho \"SUCCESS\" > \"${SCRIPT_OUTPUT_FILE_0}\"\n";
			showEnvVarsInLog = 0;
		};
		31125E811FB099DFB701B55C /* [CP] Embed Pods Frameworks */ = {
			isa = PBXShellScriptBuildPhase;
			buildActionMask = 2147483647;
			files = (
			);
			inputFileListPaths = (
				"${PODS_ROOT}/Target Support Files/Pods-iOS Example/Pods-iOS Example-frameworks-${CONFIGURATION}-input-files.xcfilelist",
			);
			name = "[CP] Embed Pods Frameworks";
			outputFileListPaths = (
				"${PODS_ROOT}/Target Support Files/Pods-iOS Example/Pods-iOS Example-frameworks-${CONFIGURATION}-output-files.xcfilelist",
			);
			runOnlyForDeploymentPostprocessing = 0;
			shellPath = /bin/sh;
			shellScript = "\"${PODS_ROOT}/Target Support Files/Pods-iOS Example/Pods-iOS Example-frameworks.sh\"\n";
			showEnvVarsInLog = 0;
		};
/* End PBXShellScriptBuildPhase section */

/* Begin PBXSourcesBuildPhase section */
		D19B93C02A1B3C2900FC46DD /* Sources */ = {
			isa = PBXSourcesBuildPhase;
			buildActionMask = 2147483647;
			files = (
				D139287F2A1E0C1C008652C7 /* Model.swift in Sources */,
				D19B93CC2A1B3C2900FC46DD /* ViewController.swift in Sources */,
				D13928812A1E0C4F008652C7 /* GeneralAction.swift in Sources */,
				D19B93C82A1B3C2900FC46DD /* AppDelegate.swift in Sources */,
				D139287D2A1E0BEA008652C7 /* ModelAction.swift in Sources */,
				D13928832A1E0C5E008652C7 /* TextEditAction.swift in Sources */,
			);
			runOnlyForDeploymentPostprocessing = 0;
		};
/* End PBXSourcesBuildPhase section */

/* Begin PBXVariantGroup section */
		D19B93CD2A1B3C2900FC46DD /* Main.storyboard */ = {
			isa = PBXVariantGroup;
			children = (
				D19B93CE2A1B3C2900FC46DD /* Base */,
			);
			name = Main.storyboard;
			sourceTree = "<group>";
		};
		D19B93D22A1B3C2A00FC46DD /* LaunchScreen.storyboard */ = {
			isa = PBXVariantGroup;
			children = (
				D19B93D32A1B3C2A00FC46DD /* Base */,
			);
			name = LaunchScreen.storyboard;
			sourceTree = "<group>";
		};
/* End PBXVariantGroup section */

/* Begin XCBuildConfiguration section */
		D19B93D62A1B3C2A00FC46DD /* Debug */ = {
			isa = XCBuildConfiguration;
			buildSettings = {
				ALWAYS_SEARCH_USER_PATHS = NO;
				CLANG_ANALYZER_NONNULL = YES;
				CLANG_ANALYZER_NUMBER_OBJECT_CONVERSION = YES_AGGRESSIVE;
				CLANG_CXX_LANGUAGE_STANDARD = "gnu++20";
				CLANG_ENABLE_MODULES = YES;
				CLANG_ENABLE_OBJC_ARC = YES;
				CLANG_ENABLE_OBJC_WEAK = YES;
				CLANG_WARN_BLOCK_CAPTURE_AUTORELEASING = YES;
				CLANG_WARN_BOOL_CONVERSION = YES;
				CLANG_WARN_COMMA = YES;
				CLANG_WARN_CONSTANT_CONVERSION = YES;
				CLANG_WARN_DEPRECATED_OBJC_IMPLEMENTATIONS = YES;
				CLANG_WARN_DIRECT_OBJC_ISA_USAGE = YES_ERROR;
				CLANG_WARN_DOCUMENTATION_COMMENTS = YES;
				CLANG_WARN_EMPTY_BODY = YES;
				CLANG_WARN_ENUM_CONVERSION = YES;
				CLANG_WARN_INFINITE_RECURSION = YES;
				CLANG_WARN_INT_CONVERSION = YES;
				CLANG_WARN_NON_LITERAL_NULL_CONVERSION = YES;
				CLANG_WARN_OBJC_IMPLICIT_RETAIN_SELF = YES;
				CLANG_WARN_OBJC_LITERAL_CONVERSION = YES;
				CLANG_WARN_OBJC_ROOT_CLASS = YES_ERROR;
				CLANG_WARN_QUOTED_INCLUDE_IN_FRAMEWORK_HEADER = YES;
				CLANG_WARN_RANGE_LOOP_ANALYSIS = YES;
				CLANG_WARN_STRICT_PROTOTYPES = YES;
				CLANG_WARN_SUSPICIOUS_MOVE = YES;
				CLANG_WARN_UNGUARDED_AVAILABILITY = YES_AGGRESSIVE;
				CLANG_WARN_UNREACHABLE_CODE = YES;
				CLANG_WARN__DUPLICATE_METHOD_MATCH = YES;
				COPY_PHASE_STRIP = NO;
				DEBUG_INFORMATION_FORMAT = dwarf;
				ENABLE_STRICT_OBJC_MSGSEND = YES;
				ENABLE_TESTABILITY = YES;
				GCC_C_LANGUAGE_STANDARD = gnu11;
				GCC_DYNAMIC_NO_PIC = NO;
				GCC_NO_COMMON_BLOCKS = YES;
				GCC_OPTIMIZATION_LEVEL = 0;
				GCC_PREPROCESSOR_DEFINITIONS = (
					"DEBUG=1",
					"$(inherited)",
				);
				GCC_WARN_64_TO_32_BIT_CONVERSION = YES;
				GCC_WARN_ABOUT_RETURN_TYPE = YES_ERROR;
				GCC_WARN_UNDECLARED_SELECTOR = YES;
				GCC_WARN_UNINITIALIZED_AUTOS = YES_AGGRESSIVE;
				GCC_WARN_UNUSED_FUNCTION = YES;
				GCC_WARN_UNUSED_VARIABLE = YES;
				IPHONEOS_DEPLOYMENT_TARGET = 11.0;
				MTL_ENABLE_DEBUG_INFO = INCLUDE_SOURCE;
				MTL_FAST_MATH = YES;
				ONLY_ACTIVE_ARCH = YES;
				SDKROOT = iphoneos;
				SWIFT_ACTIVE_COMPILATION_CONDITIONS = DEBUG;
				SWIFT_OPTIMIZATION_LEVEL = "-Onone";
			};
			name = Debug;
		};
		D19B93D72A1B3C2A00FC46DD /* Release */ = {
			isa = XCBuildConfiguration;
			buildSettings = {
				ALWAYS_SEARCH_USER_PATHS = NO;
				CLANG_ANALYZER_NONNULL = YES;
				CLANG_ANALYZER_NUMBER_OBJECT_CONVERSION = YES_AGGRESSIVE;
				CLANG_CXX_LANGUAGE_STANDARD = "gnu++20";
				CLANG_ENABLE_MODULES = YES;
				CLANG_ENABLE_OBJC_ARC = YES;
				CLANG_ENABLE_OBJC_WEAK = YES;
				CLANG_WARN_BLOCK_CAPTURE_AUTORELEASING = YES;
				CLANG_WARN_BOOL_CONVERSION = YES;
				CLANG_WARN_COMMA = YES;
				CLANG_WARN_CONSTANT_CONVERSION = YES;
				CLANG_WARN_DEPRECATED_OBJC_IMPLEMENTATIONS = YES;
				CLANG_WARN_DIRECT_OBJC_ISA_USAGE = YES_ERROR;
				CLANG_WARN_DOCUMENTATION_COMMENTS = YES;
				CLANG_WARN_EMPTY_BODY = YES;
				CLANG_WARN_ENUM_CONVERSION = YES;
				CLANG_WARN_INFINITE_RECURSION = YES;
				CLANG_WARN_INT_CONVERSION = YES;
				CLANG_WARN_NON_LITERAL_NULL_CONVERSION = YES;
				CLANG_WARN_OBJC_IMPLICIT_RETAIN_SELF = YES;
				CLANG_WARN_OBJC_LITERAL_CONVERSION = YES;
				CLANG_WARN_OBJC_ROOT_CLASS = YES_ERROR;
				CLANG_WARN_QUOTED_INCLUDE_IN_FRAMEWORK_HEADER = YES;
				CLANG_WARN_RANGE_LOOP_ANALYSIS = YES;
				CLANG_WARN_STRICT_PROTOTYPES = YES;
				CLANG_WARN_SUSPICIOUS_MOVE = YES;
				CLANG_WARN_UNGUARDED_AVAILABILITY = YES_AGGRESSIVE;
				CLANG_WARN_UNREACHABLE_CODE = YES;
				CLANG_WARN__DUPLICATE_METHOD_MATCH = YES;
				COPY_PHASE_STRIP = NO;
				DEBUG_INFORMATION_FORMAT = "dwarf-with-dsym";
				ENABLE_NS_ASSERTIONS = NO;
				ENABLE_STRICT_OBJC_MSGSEND = YES;
				GCC_C_LANGUAGE_STANDARD = gnu11;
				GCC_NO_COMMON_BLOCKS = YES;
				GCC_WARN_64_TO_32_BIT_CONVERSION = YES;
				GCC_WARN_ABOUT_RETURN_TYPE = YES_ERROR;
				GCC_WARN_UNDECLARED_SELECTOR = YES;
				GCC_WARN_UNINITIALIZED_AUTOS = YES_AGGRESSIVE;
				GCC_WARN_UNUSED_FUNCTION = YES;
				GCC_WARN_UNUSED_VARIABLE = YES;
				IPHONEOS_DEPLOYMENT_TARGET = 11.0;
				MTL_ENABLE_DEBUG_INFO = NO;
				MTL_FAST_MATH = YES;
				SDKROOT = iphoneos;
				SWIFT_COMPILATION_MODE = wholemodule;
				SWIFT_OPTIMIZATION_LEVEL = "-O";
				VALIDATE_PRODUCT = YES;
			};
			name = Release;
		};
		D19B93D92A1B3C2A00FC46DD /* Debug */ = {
			isa = XCBuildConfiguration;
			baseConfigurationReference = A5AD060603642AA27F8D8573 /* Pods-iOS Example.debug.xcconfig */;
			buildSettings = {
				ASSETCATALOG_COMPILER_APPICON_NAME = AppIcon;
				ASSETCATALOG_COMPILER_GLOBAL_ACCENT_COLOR_NAME = AccentColor;
				CODE_SIGN_STYLE = Automatic;
				CURRENT_PROJECT_VERSION = 1;
				DEVELOPMENT_TEAM = 2E8NVCJR97;
				GENERATE_INFOPLIST_FILE = YES;
				INFOPLIST_FILE = "iOS Example/Info.plist";
				INFOPLIST_KEY_UIApplicationSupportsIndirectInputEvents = YES;
				INFOPLIST_KEY_UILaunchStoryboardName = LaunchScreen;
				INFOPLIST_KEY_UIMainStoryboardFile = Main;
				INFOPLIST_KEY_UISupportedInterfaceOrientations_iPad = "UIInterfaceOrientationPortrait UIInterfaceOrientationPortraitUpsideDown UIInterfaceOrientationLandscapeLeft UIInterfaceOrientationLandscapeRight";
				INFOPLIST_KEY_UISupportedInterfaceOrientations_iPhone = "UIInterfaceOrientationPortrait UIInterfaceOrientationLandscapeLeft UIInterfaceOrientationLandscapeRight";
				IPHONEOS_DEPLOYMENT_TARGET = 11.0;
				LD_RUNPATH_SEARCH_PATHS = (
					"$(inherited)",
					"@executable_path/Frameworks",
				);
				MARKETING_VERSION = 1.0;
				PRODUCT_BUNDLE_IDENTIFIER = "com.galaxy.iOS-Example";
				PRODUCT_NAME = "$(TARGET_NAME)";
				SWIFT_EMIT_LOC_STRINGS = YES;
				SWIFT_VERSION = 5.0;
				TARGETED_DEVICE_FAMILY = "1,2";
			};
			name = Debug;
		};
		D19B93DA2A1B3C2A00FC46DD /* Release */ = {
			isa = XCBuildConfiguration;
			baseConfigurationReference = 42B9AEE17B3B4C927A1C42C1 /* Pods-iOS Example.release.xcconfig */;
			buildSettings = {
				ASSETCATALOG_COMPILER_APPICON_NAME = AppIcon;
				ASSETCATALOG_COMPILER_GLOBAL_ACCENT_COLOR_NAME = AccentColor;
				CODE_SIGN_STYLE = Automatic;
				CURRENT_PROJECT_VERSION = 1;
				DEVELOPMENT_TEAM = 2E8NVCJR97;
				GENERATE_INFOPLIST_FILE = YES;
				INFOPLIST_FILE = "iOS Example/Info.plist";
				INFOPLIST_KEY_UIApplicationSupportsIndirectInputEvents = YES;
				INFOPLIST_KEY_UILaunchStoryboardName = LaunchScreen;
				INFOPLIST_KEY_UIMainStoryboardFile = Main;
				INFOPLIST_KEY_UISupportedInterfaceOrientations_iPad = "UIInterfaceOrientationPortrait UIInterfaceOrientationPortraitUpsideDown UIInterfaceOrientationLandscapeLeft UIInterfaceOrientationLandscapeRight";
				INFOPLIST_KEY_UISupportedInterfaceOrientations_iPhone = "UIInterfaceOrientationPortrait UIInterfaceOrientationLandscapeLeft UIInterfaceOrientationLandscapeRight";
				IPHONEOS_DEPLOYMENT_TARGET = 11.0;
				LD_RUNPATH_SEARCH_PATHS = (
					"$(inherited)",
					"@executable_path/Frameworks",
				);
				MARKETING_VERSION = 1.0;
				PRODUCT_BUNDLE_IDENTIFIER = "com.galaxy.iOS-Example";
				PRODUCT_NAME = "$(TARGET_NAME)";
				SWIFT_EMIT_LOC_STRINGS = YES;
				SWIFT_VERSION = 5.0;
				TARGETED_DEVICE_FAMILY = "1,2";
			};
			name = Release;
		};
/* End XCBuildConfiguration section */

/* Begin XCConfigurationList section */
		D19B93BF2A1B3C2900FC46DD /* Build configuration list for PBXProject "iOS Example" */ = {
			isa = XCConfigurationList;
			buildConfigurations = (
				D19B93D62A1B3C2A00FC46DD /* Debug */,
				D19B93D72A1B3C2A00FC46DD /* Release */,
			);
			defaultConfigurationIsVisible = 0;
			defaultConfigurationName = Release;
		};
		D19B93D82A1B3C2A00FC46DD /* Build configuration list for PBXNativeTarget "iOS Example" */ = {
			isa = XCConfigurationList;
			buildConfigurations = (
				D19B93D92A1B3C2A00FC46DD /* Debug */,
				D19B93DA2A1B3C2A00FC46DD /* Release */,
			);
			defaultConfigurationIsVisible = 0;
			defaultConfigurationName = Release;
		};
/* End XCConfigurationList section */
	};
	rootObject = D19B93BC2A1B3C2900FC46DD /* Project object */;
}
